
Microsoft Visual Studio Solution File, Format Version 12.00
# Visual Studio Version 17
VisualStudioVersion = 17.14.36109.1 d17.14
MinimumVisualStudioVersion = 10.0.40219.1
Project("{FAE04EC0-301F-11D3-BF4B-00C04F79EFBC}") = "ProyectoCrud", "ProyectoCrud\ProyectoCrud.csproj", "{8DC64968-297F-4D94-9700-D4A6431181B1}"
EndProject
Global
	GlobalSection(SolutionConfigurationPlatforms) = preSolution
		Debug|Any CPU = Debug|Any CPU
		Release|Any CPU = Release|Any CPU
	EndGlobalSection
	GlobalSection(ProjectConfigurationPlatforms) = postSolution
		{8DC64968-297F-4D94-9700-D4A6431181B1}.Debug|Any CPU.ActiveCfg = Debug|Any CPU
		{8DC64968-297F-4D94-9700-D4A6431181B1}.Debug|Any CPU.Build.0 = Debug|Any CPU
		{8DC64968-297F-4D94-9700-D4A6431181B1}.Release|Any CPU.ActiveCfg = Release|Any CPU
		{8DC64968-297F-4D94-9700-D4A6431181B1}.Release|Any CPU.Build.0 = Release|Any CPU
	EndGlobalSection
	GlobalSection(SolutionProperties) = preSolution
		HideSolutionNode = FALSE
	EndGlobalSection
	GlobalSection(ExtensibilityGlobals) = postSolution
		SolutionGuid = {9367396F-2AC7-46E7-967F-6C3A83F6A272}
	EndGlobalSection
EndGlobal
